
Microsoft Visual Studio Solution File, Format Version 12.00
# Visual Studio 15
VisualStudioVersion = 15.0.27428.2002
MinimumVisualStudioVersion = 10.0.40219.1
Project("{FAE04EC0-301F-11D3-BF4B-00C04F79EFBC}") = "StudentTask.Model", "StudentTask.Model\StudentTask.Model.csproj", "{905497B2-F16B-4584-BB8E-E43D01A31200}"
EndProject
Project("{FAE04EC0-301F-11D3-BF4B-00C04F79EFBC}") = "StudentTask.Data.Access", "StudentTask.Data.Access\StudentTask.Data.Access.csproj", "{080311E2-3C5E-42C7-A788-9B67C12A5F2C}"
EndProject
Project("{FAE04EC0-301F-11D3-BF4B-00C04F79EFBC}") = "StudentTask.Data.Api", "StudentTask.Data.Api\StudentTask.Data.Api.csproj", "{4978A596-657E-4C1B-A7FF-BF37532CAC72}"
EndProject
Project("{FAE04EC0-301F-11D3-BF4B-00C04F79EFBC}") = "StudentTask.Uwp.App", "StudentTask.Uwp.App\StudentTask.Uwp.App.csproj", "{AD17AC67-E870-42AB-AB98-AA94C44FCF6E}"
EndProject
Global
	GlobalSection(SolutionConfigurationPlatforms) = preSolution
		Debug|Any CPU = Debug|Any CPU
		Debug|ARM = Debug|ARM
		Debug|x64 = Debug|x64
		Debug|x86 = Debug|x86
		Release|Any CPU = Release|Any CPU
		Release|ARM = Release|ARM
		Release|x64 = Release|x64
		Release|x86 = Release|x86
	EndGlobalSection
	GlobalSection(ProjectConfigurationPlatforms) = postSolution
		{905497B2-F16B-4584-BB8E-E43D01A31200}.Debug|Any CPU.ActiveCfg = Debug|Any CPU
		{905497B2-F16B-4584-BB8E-E43D01A31200}.Debug|Any CPU.Build.0 = Debug|Any CPU
		{905497B2-F16B-4584-BB8E-E43D01A31200}.Debug|ARM.ActiveCfg = Debug|Any CPU
		{905497B2-F16B-4584-BB8E-E43D01A31200}.Debug|ARM.Build.0 = Debug|Any CPU
		{905497B2-F16B-4584-BB8E-E43D01A31200}.Debug|x64.ActiveCfg = Debug|Any CPU
		{905497B2-F16B-4584-BB8E-E43D01A31200}.Debug|x64.Build.0 = Debug|Any CPU
		{905497B2-F16B-4584-BB8E-E43D01A31200}.Debug|x86.ActiveCfg = Debug|Any CPU
		{905497B2-F16B-4584-BB8E-E43D01A31200}.Debug|x86.Build.0 = Debug|Any CPU
		{905497B2-F16B-4584-BB8E-E43D01A31200}.Release|Any CPU.ActiveCfg = Release|Any CPU
		{905497B2-F16B-4584-BB8E-E43D01A31200}.Release|Any CPU.Build.0 = Release|Any CPU
		{905497B2-F16B-4584-BB8E-E43D01A31200}.Release|ARM.ActiveCfg = Release|Any CPU
		{905497B2-F16B-4584-BB8E-E43D01A31200}.Release|ARM.Build.0 = Release|Any CPU
		{905497B2-F16B-4584-BB8E-E43D01A31200}.Release|x64.ActiveCfg = Release|Any CPU
		{905497B2-F16B-4584-BB8E-E43D01A31200}.Release|x64.Build.0 = Release|Any CPU
		{905497B2-F16B-4584-BB8E-E43D01A31200}.Release|x86.ActiveCfg = Release|Any CPU
		{905497B2-F16B-4584-BB8E-E43D01A31200}.Release|x86.Build.0 = Release|Any CPU
		{080311E2-3C5E-42C7-A788-9B67C12A5F2C}.Debug|Any CPU.ActiveCfg = Debug|Any CPU
		{080311E2-3C5E-42C7-A788-9B67C12A5F2C}.Debug|Any CPU.Build.0 = Debug|Any CPU
		{080311E2-3C5E-42C7-A788-9B67C12A5F2C}.Debug|ARM.ActiveCfg = Debug|Any CPU
		{080311E2-3C5E-42C7-A788-9B67C12A5F2C}.Debug|ARM.Build.0 = Debug|Any CPU
		{080311E2-3C5E-42C7-A788-9B67C12A5F2C}.Debug|x64.ActiveCfg = Debug|Any CPU
		{080311E2-3C5E-42C7-A788-9B67C12A5F2C}.Debug|x64.Build.0 = Debug|Any CPU
		{080311E2-3C5E-42C7-A788-9B67C12A5F2C}.Debug|x86.ActiveCfg = Debug|Any CPU
		{080311E2-3C5E-42C7-A788-9B67C12A5F2C}.Debug|x86.Build.0 = Debug|Any CPU
		{080311E2-3C5E-42C7-A788-9B67C12A5F2C}.Release|Any CPU.ActiveCfg = Release|Any CPU
		{080311E2-3C5E-42C7-A788-9B67C12A5F2C}.Release|Any CPU.Build.0 = Release|Any CPU
		{080311E2-3C5E-42C7-A788-9B67C12A5F2C}.Release|ARM.ActiveCfg = Release|Any CPU
		{080311E2-3C5E-42C7-A788-9B67C12A5F2C}.Release|ARM.Build.0 = Release|Any CPU
		{080311E2-3C5E-42C7-A788-9B67C12A5F2C}.Release|x64.ActiveCfg = Release|Any CPU
		{080311E2-3C5E-42C7-A788-9B67C12A5F2C}.Release|x64.Build.0 = Release|Any CPU
		{080311E2-3C5E-42C7-A788-9B67C12A5F2C}.Release|x86.ActiveCfg = Release|Any CPU
		{080311E2-3C5E-42C7-A788-9B67C12A5F2C}.Release|x86.Build.0 = Release|Any CPU
		{4978A596-657E-4C1B-A7FF-BF37532CAC72}.Debug|Any CPU.ActiveCfg = Debug|Any CPU
		{4978A596-657E-4C1B-A7FF-BF37532CAC72}.Debug|Any CPU.Build.0 = Debug|Any CPU
		{4978A596-657E-4C1B-A7FF-BF37532CAC72}.Debug|ARM.ActiveCfg = Debug|Any CPU
		{4978A596-657E-4C1B-A7FF-BF37532CAC72}.Debug|ARM.Build.0 = Debug|Any CPU
		{4978A596-657E-4C1B-A7FF-BF37532CAC72}.Debug|x64.ActiveCfg = Debug|Any CPU
		{4978A596-657E-4C1B-A7FF-BF37532CAC72}.Debug|x64.Build.0 = Debug|Any CPU
		{4978A596-657E-4C1B-A7FF-BF37532CAC72}.Debug|x86.ActiveCfg = Debug|Any CPU
		{4978A596-657E-4C1B-A7FF-BF37532CAC72}.Debug|x86.Build.0 = Debug|Any CPU
		{4978A596-657E-4C1B-A7FF-BF37532CAC72}.Release|Any CPU.ActiveCfg = Release|Any CPU
		{4978A596-657E-4C1B-A7FF-BF37532CAC72}.Release|Any CPU.Build.0 = Release|Any CPU
		{4978A596-657E-4C1B-A7FF-BF37532CAC72}.Release|ARM.ActiveCfg = Release|Any CPU
		{4978A596-657E-4C1B-A7FF-BF37532CAC72}.Release|ARM.Build.0 = Release|Any CPU
		{4978A596-657E-4C1B-A7FF-BF37532CAC72}.Release|x64.ActiveCfg = Release|Any CPU
		{4978A596-657E-4C1B-A7FF-BF37532CAC72}.Release|x64.Build.0 = Release|Any CPU
		{4978A596-657E-4C1B-A7FF-BF37532CAC72}.Release|x86.ActiveCfg = Release|Any CPU
		{4978A596-657E-4C1B-A7FF-BF37532CAC72}.Release|x86.Build.0 = Release|Any CPU
		{AD17AC67-E870-42AB-AB98-AA94C44FCF6E}.Debug|Any CPU.ActiveCfg = Debug|x86
		{AD17AC67-E870-42AB-AB98-AA94C44FCF6E}.Debug|ARM.ActiveCfg = Debug|ARM
		{AD17AC67-E870-42AB-AB98-AA94C44FCF6E}.Debug|ARM.Build.0 = Debug|ARM
		{AD17AC67-E870-42AB-AB98-AA94C44FCF6E}.Debug|ARM.Deploy.0 = Debug|ARM
		{AD17AC67-E870-42AB-AB98-AA94C44FCF6E}.Debug|x64.ActiveCfg = Debug|x64
		{AD17AC67-E870-42AB-AB98-AA94C44FCF6E}.Debug|x64.Build.0 = Debug|x64
		{AD17AC67-E870-42AB-AB98-AA94C44FCF6E}.Debug|x64.Deploy.0 = Debug|x64
		{AD17AC67-E870-42AB-AB98-AA94C44FCF6E}.Debug|x86.ActiveCfg = Debug|x86
		{AD17AC67-E870-42AB-AB98-AA94C44FCF6E}.Debug|x86.Build.0 = Debug|x86
		{AD17AC67-E870-42AB-AB98-AA94C44FCF6E}.Debug|x86.Deploy.0 = Debug|x86
		{AD17AC67-E870-42AB-AB98-AA94C44FCF6E}.Release|Any CPU.ActiveCfg = Release|x86
		{AD17AC67-E870-42AB-AB98-AA94C44FCF6E}.Release|ARM.ActiveCfg = Release|ARM
		{AD17AC67-E870-42AB-AB98-AA94C44FCF6E}.Release|ARM.Build.0 = Release|ARM
		{AD17AC67-E870-42AB-AB98-AA94C44FCF6E}.Release|ARM.Deploy.0 = Release|ARM
		{AD17AC67-E870-42AB-AB98-AA94C44FCF6E}.Release|x64.ActiveCfg = Release|x64
		{AD17AC67-E870-42AB-AB98-AA94C44FCF6E}.Release|x64.Build.0 = Release|x64
		{AD17AC67-E870-42AB-AB98-AA94C44FCF6E}.Release|x64.Deploy.0 = Release|x64
		{AD17AC67-E870-42AB-AB98-AA94C44FCF6E}.Release|x86.ActiveCfg = Release|x86
		{AD17AC67-E870-42AB-AB98-AA94C44FCF6E}.Release|x86.Build.0 = Release|x86
		{AD17AC67-E870-42AB-AB98-AA94C44FCF6E}.Release|x86.Deploy.0 = Release|x86
	EndGlobalSection
	GlobalSection(SolutionProperties) = preSolution
		HideSolutionNode = FALSE
	EndGlobalSection
	GlobalSection(ExtensibilityGlobals) = postSolution
		SolutionGuid = {AF9C1B24-1ED7-4B46-A2D7-5F035AB7866D}
	EndGlobalSection
EndGlobal
