
Microsoft Visual Studio Solution File, Format Version 12.00
# Visual Studio 15
VisualStudioVersion = 15.0.27428.2002
MinimumVisualStudioVersion = 10.0.40219.1
Project("{FAE04EC0-301F-11D3-BF4B-00C04F79EFBC}") = "StudentTask.Model", "StudentTask.Model\StudentTask.Model.csproj", "{905497B2-F16B-4584-BB8E-E43D01A31200}"
EndProject
Project("{FAE04EC0-301F-11D3-BF4B-00C04F79EFBC}") = "StudentTask.Data.Access", "StudentTask.Data.Access\StudentTask.Data.Access.csproj", "{080311E2-3C5E-42C7-A788-9B67C12A5F2C}"
EndProject
Project("{FAE04EC0-301F-11D3-BF4B-00C04F79EFBC}") = "StudentTask.Data.Api", "StudentTask.Data.Api\StudentTask.Data.Api.csproj", "{4978A596-657E-4C1B-A7FF-BF37532CAC72}"
EndProject
Global
	GlobalSection(SolutionConfigurationPlatforms) = preSolution
		Debug|Any CPU = Debug|Any CPU
		Release|Any CPU = Release|Any CPU
	EndGlobalSection
	GlobalSection(ProjectConfigurationPlatforms) = postSolution
		{905497B2-F16B-4584-BB8E-E43D01A31200}.Debug|Any CPU.ActiveCfg = Debug|Any CPU
		{905497B2-F16B-4584-BB8E-E43D01A31200}.Debug|Any CPU.Build.0 = Debug|Any CPU
		{905497B2-F16B-4584-BB8E-E43D01A31200}.Release|Any CPU.ActiveCfg = Release|Any CPU
		{905497B2-F16B-4584-BB8E-E43D01A31200}.Release|Any CPU.Build.0 = Release|Any CPU
		{080311E2-3C5E-42C7-A788-9B67C12A5F2C}.Debug|Any CPU.ActiveCfg = Debug|Any CPU
		{080311E2-3C5E-42C7-A788-9B67C12A5F2C}.Debug|Any CPU.Build.0 = Debug|Any CPU
		{080311E2-3C5E-42C7-A788-9B67C12A5F2C}.Release|Any CPU.ActiveCfg = Release|Any CPU
		{080311E2-3C5E-42C7-A788-9B67C12A5F2C}.Release|Any CPU.Build.0 = Release|Any CPU
		{4978A596-657E-4C1B-A7FF-BF37532CAC72}.Debug|Any CPU.ActiveCfg = Debug|Any CPU
		{4978A596-657E-4C1B-A7FF-BF37532CAC72}.Debug|Any CPU.Build.0 = Debug|Any CPU
		{4978A596-657E-4C1B-A7FF-BF37532CAC72}.Release|Any CPU.ActiveCfg = Release|Any CPU
		{4978A596-657E-4C1B-A7FF-BF37532CAC72}.Release|Any CPU.Build.0 = Release|Any CPU
	EndGlobalSection
	GlobalSection(SolutionProperties) = preSolution
		HideSolutionNode = FALSE
	EndGlobalSection
	GlobalSection(ExtensibilityGlobals) = postSolution
		SolutionGuid = {AF9C1B24-1ED7-4B46-A2D7-5F035AB7866D}
	EndGlobalSection
EndGlobal
